
Microsoft Visual Studio Solution File, Format Version 12.00
# Visual Studio Version 16
VisualStudioVersion = 16.0.29509.3
MinimumVisualStudioVersion = 10.0.40219.1
Project("{FAE04EC0-301F-11D3-BF4B-00C04F79EFBC}") = "ExtendedDataTableActivities", "ExtendedDataTableActivities\ExtendedDataTableActivities.csproj", "{F70A2443-D63A-40F6-ABB1-4CB0ABCAE2A5}"
EndProject
Global
	GlobalSection(SolutionConfigurationPlatforms) = preSolution
		Debug|Any CPU = Debug|Any CPU
		Release|Any CPU = Release|Any CPU
	EndGlobalSection
	GlobalSection(ProjectConfigurationPlatforms) = postSolution
		{F70A2443-D63A-40F6-ABB1-4CB0ABCAE2A5}.Debug|Any CPU.ActiveCfg = Debug|Any CPU
		{F70A2443-D63A-40F6-ABB1-4CB0ABCAE2A5}.Debug|Any CPU.Build.0 = Debug|Any CPU
		{F70A2443-D63A-40F6-ABB1-4CB0ABCAE2A5}.Release|Any CPU.ActiveCfg = Release|Any CPU
		{F70A2443-D63A-40F6-ABB1-4CB0ABCAE2A5}.Release|Any CPU.Build.0 = Release|Any CPU
	EndGlobalSection
	GlobalSection(SolutionProperties) = preSolution
		HideSolutionNode = FALSE
	EndGlobalSection
	GlobalSection(ExtensibilityGlobals) = postSolution
		SolutionGuid = {08D32345-B021-4F3A-8B6D-B0B40416AF3B}
	EndGlobalSection
EndGlobal
